{
  "name": "ioa-router",
  "version": "9.0.0",
  "lockfileVersion": 1,
  "requires": true,
  "dependencies": {
    "consoln": {
      "version": "1.0.2",
      "resolved": "https://registry.npmjs.org/consoln/-/consoln-1.0.2.tgz",
      "integrity": "sha512-ZPQDiwB1rDq5kYYmBDoZGWDqpbPsHJB71+j5NZvuYAb1+43QSmRFzuETvvCh1FWG5k81hFsSfGTR1EgU/AFtIA=="
    },
    "fs-extra": {
      "version": "8.1.0",
      "resolved": "https://registry.npmjs.org/fs-extra/-/fs-extra-8.1.0.tgz",
      "integrity": "sha512-yhlQgA6mnOJUKOsRUFsgJdQCvkKhcz8tlZG5HBQfReYZy46OwLcY+Zia0mtdHsOo9y/hP+CxMN0TU9QxoOtG4g==",
      "requires": {
        "graceful-fs": "^4.2.0",
        "jsonfile": "^4.0.0",
        "universalify": "^0.1.0"
      }
    },
    "graceful-fs": {
      "version": "4.2.0",
      "resolved": "https://registry.npmjs.org/graceful-fs/-/graceful-fs-4.2.0.tgz",
      "integrity": "sha512-jpSvDPV4Cq/bgtpndIWbI5hmYxhQGHPC4d4cqBPb4DLniCfhJokdXhwhaDuLBGLQdvvRum/UiX6ECVIPvDXqdg=="
    },
    "ioa": {
      "version": "9.0.1",
      "resolved": "https://registry.npmjs.org/ioa/-/ioa-9.0.1.tgz",
      "integrity": "sha512-6fQd2Fp6Ip++2abKsAdF1z/vyiog4N0wB/8qmvuR0e+O+GeYYF4IbYe4WXFTgY8K9A0XU6DozT2rxZ0ix0G5Nw==",
      "requires": {
        "consoln": "^1.0.2",
        "lloader": "^4.2.0",
        "ttools": "^3.1.0"
      }
    },
    "jsonfile": {
      "version": "4.0.0",
      "resolved": "https://registry.npmjs.org/jsonfile/-/jsonfile-4.0.0.tgz",
      "integrity": "sha1-h3Gq4HmbZAdrdmQPygWPnBDjPss=",
      "requires": {
        "graceful-fs": "^4.1.6"
      }
    },
    "lloader": {
      "version": "4.2.0",
      "resolved": "https://registry.npmjs.org/lloader/-/lloader-4.2.0.tgz",
      "integrity": "sha512-e4e7qQr5gmS1HxA12PpgfK3uatFbzuDmBh+L/EeUQX3COCyJFf0RejiM0DebhF1UgwmVgCB1W1XT9wrrYWcpRQ==",
      "requires": {
        "fs-extra": "^8.1.0",
        "ttools": "^3.1.0"
      }
    },
    "ttools": {
      "version": "3.1.0",
      "resolved": "https://registry.npmjs.org/ttools/-/ttools-3.1.0.tgz",
      "integrity": "sha512-JpjeN8giSyGMjOXhCiz6gzey40cZBtbcpMhjQpcKQRHujJieSLuQbM3IbMkYRkmDMa9VWOGMBgFw0/LeWk6zYQ=="
    },
    "universalify": {
      "version": "0.1.2",
      "resolved": "https://registry.npmjs.org/universalify/-/universalify-0.1.2.tgz",
      "integrity": "sha512-rBJeI5CXAlmy1pV+617WB9J63U6XcazHHF2f2dbJix4XzpUF0RS3Zbj0FGIOCAva5P/d/GBOYaACQ1w+0azUkg=="
    }
  }
}
