{
  "name": "ioa-router",
  "version": "0.2.0",
  "lockfileVersion": 1,
  "requires": true,
  "dependencies": {
    "fs-extra": {
      "version": "7.0.1",
      "resolved": "https://registry.npmjs.org/fs-extra/-/fs-extra-7.0.1.tgz",
      "integrity": "sha512-YJDaCJZEnBmcbw13fvdAM9AwNOJwOzrE4pqMqBq5nFiEqXUqHwlK4B+3pUw6JNvfSPtX05xFHtYy/1ni01eGCw==",
      "dev": true,
      "requires": {
        "graceful-fs": "^4.1.2",
        "jsonfile": "^4.0.0",
        "universalify": "^0.1.0"
      }
    },
    "graceful-fs": {
      "version": "4.1.15",
      "resolved": "https://registry.npmjs.org/graceful-fs/-/graceful-fs-4.1.15.tgz",
      "integrity": "sha512-6uHUhOPEBgQ24HM+r6b/QwWfZq+yiFcipKFrOFiBEnWdy5sdzYoi+pJeQaPI5qOLRFqWmAXUPQNsielzdLoecA==",
      "dev": true
    },
    "ioa": {
      "version": "8.0.0",
      "resolved": "https://registry.npmjs.org/ioa/-/ioa-8.0.0.tgz",
      "integrity": "sha512-oB6RiXmZlr2ooQrKroudlFvUE6EmlLBQzW3ef4Spm3LOicyMFq/373QrhZIIg7v/ukC7HrOwC6mwkcey68C+sQ==",
      "dev": true,
      "requires": {
        "lloader": "^4.0.0",
        "loggercc": "^1.3.2",
        "ttools": "^3.1.0"
      },
      "dependencies": {
        "lloader": {
          "version": "4.0.0",
          "resolved": "https://registry.npmjs.org/lloader/-/lloader-4.0.0.tgz",
          "integrity": "sha512-s/+z5ncOlFu8Ce+yuAL8V349U3d7tLMpBzIEot+ivsQ70HaduMWniC08RAgM+VlznQIn4MeT/6A4yys0IAZTsg==",
          "dev": true,
          "requires": {
            "ttools": "^3.1.0"
          }
        }
      }
    },
    "jsonfile": {
      "version": "4.0.0",
      "resolved": "https://registry.npmjs.org/jsonfile/-/jsonfile-4.0.0.tgz",
      "integrity": "sha1-h3Gq4HmbZAdrdmQPygWPnBDjPss=",
      "dev": true,
      "requires": {
        "graceful-fs": "^4.1.6"
      }
    },
    "lloader": {
      "version": "4.0.0",
      "resolved": "https://registry.npmjs.org/lloader/-/lloader-4.0.0.tgz",
      "integrity": "sha512-s/+z5ncOlFu8Ce+yuAL8V349U3d7tLMpBzIEot+ivsQ70HaduMWniC08RAgM+VlznQIn4MeT/6A4yys0IAZTsg==",
      "dev": true,
      "requires": {
        "ttools": "^3.1.0"
      }
    },
    "loggercc": {
      "version": "1.3.2",
      "resolved": "https://registry.npmjs.org/loggercc/-/loggercc-1.3.2.tgz",
      "integrity": "sha512-aZjsjztPYIbOxZFKk/rXBUbtlno28JSvIVpHJ0PLg6hjm0Ru9nS9Sy94qqaU8borG6pS7WGoCIOj5WUe+sBUAQ==",
      "dev": true,
      "requires": {
        "fs-extra": "^7.0.0"
      }
    },
    "ttools": {
      "version": "3.1.0",
      "resolved": "https://registry.npmjs.org/ttools/-/ttools-3.1.0.tgz",
      "integrity": "sha512-JpjeN8giSyGMjOXhCiz6gzey40cZBtbcpMhjQpcKQRHujJieSLuQbM3IbMkYRkmDMa9VWOGMBgFw0/LeWk6zYQ==",
      "dev": true
    },
    "universalify": {
      "version": "0.1.2",
      "resolved": "https://registry.npmjs.org/universalify/-/universalify-0.1.2.tgz",
      "integrity": "sha512-rBJeI5CXAlmy1pV+617WB9J63U6XcazHHF2f2dbJix4XzpUF0RS3Zbj0FGIOCAva5P/d/GBOYaACQ1w+0azUkg==",
      "dev": true
    }
  }
}
